
Microsoft Visual Studio Solution File, Format Version 12.00
# Visual Studio Version 16
VisualStudioVersion = 16.0.32602.291
MinimumVisualStudioVersion = 10.0.40219.1
Project("{8BC9CEB8-8B4A-11D0-8D11-00A0C91BC942}") = "ejercicio5", "ejercicio5\ejercicio5.vcxproj", "{1CC572FB-9C29-44DB-A0E3-6F6080BE258F}"
EndProject
Global
	GlobalSection(SolutionConfigurationPlatforms) = preSolution
		Debug|x64 = Debug|x64
		Debug|x86 = Debug|x86
		Release|x64 = Release|x64
		Release|x86 = Release|x86
	EndGlobalSection
	GlobalSection(ProjectConfigurationPlatforms) = postSolution
		{1CC572FB-9C29-44DB-A0E3-6F6080BE258F}.Debug|x64.ActiveCfg = Debug|x64
		{1CC572FB-9C29-44DB-A0E3-6F6080BE258F}.Debug|x64.Build.0 = Debug|x64
		{1CC572FB-9C29-44DB-A0E3-6F6080BE258F}.Debug|x86.ActiveCfg = Debug|Win32
		{1CC572FB-9C29-44DB-A0E3-6F6080BE258F}.Debug|x86.Build.0 = Debug|Win32
		{1CC572FB-9C29-44DB-A0E3-6F6080BE258F}.Release|x64.ActiveCfg = Release|x64
		{1CC572FB-9C29-44DB-A0E3-6F6080BE258F}.Release|x64.Build.0 = Release|x64
		{1CC572FB-9C29-44DB-A0E3-6F6080BE258F}.Release|x86.ActiveCfg = Release|Win32
		{1CC572FB-9C29-44DB-A0E3-6F6080BE258F}.Release|x86.Build.0 = Release|Win32
	EndGlobalSection
	GlobalSection(SolutionProperties) = preSolution
		HideSolutionNode = FALSE
	EndGlobalSection
	GlobalSection(ExtensibilityGlobals) = postSolution
		SolutionGuid = {18992715-AA9B-42A9-B9F8-45352D713307}
	EndGlobalSection
EndGlobal
